
Microsoft Visual Studio Solution File, Format Version 12.00
# Visual Studio Version 17
VisualStudioVersion = 17.11.35303.130
MinimumVisualStudioVersion = 10.0.40219.1
Project("{FAE04EC0-301F-11D3-BF4B-00C04F79EFBC}") = "QuesGame", "QuesGame\QuesGame.csproj", "{D589288B-7B98-4CE4-A42D-558774FEC6A5}"
EndProject
Global
	GlobalSection(SolutionConfigurationPlatforms) = preSolution
		Debug|Any CPU = Debug|Any CPU
		Release|Any CPU = Release|Any CPU
	EndGlobalSection
	GlobalSection(ProjectConfigurationPlatforms) = postSolution
		{D589288B-7B98-4CE4-A42D-558774FEC6A5}.Debug|Any CPU.ActiveCfg = Debug|Any CPU
		{D589288B-7B98-4CE4-A42D-558774FEC6A5}.Debug|Any CPU.Build.0 = Debug|Any CPU
		{D589288B-7B98-4CE4-A42D-558774FEC6A5}.Release|Any CPU.ActiveCfg = Release|Any CPU
		{D589288B-7B98-4CE4-A42D-558774FEC6A5}.Release|Any CPU.Build.0 = Release|Any CPU
	EndGlobalSection
	GlobalSection(SolutionProperties) = preSolution
		HideSolutionNode = FALSE
	EndGlobalSection
	GlobalSection(ExtensibilityGlobals) = postSolution
		SolutionGuid = {FCF4C987-161E-417B-B98C-9559DAF29D4F}
	EndGlobalSection
EndGlobal
